
Microsoft Visual Studio Solution File, Format Version 12.00
# Visual Studio Version 16
VisualStudioVersion = 16.0.31005.135
MinimumVisualStudioVersion = 10.0.40219.1
Project("{FAE04EC0-301F-11D3-BF4B-00C04F79EFBC}") = "MeuControle.Modelos", "MeuControle.Modelos\MeuControle.Modelos.csproj", "{9BE33FEF-9B8B-4F2A-998B-6D10E15EF49C}"
EndProject
Project("{FAE04EC0-301F-11D3-BF4B-00C04F79EFBC}") = "MeuControle.MeuSistema", "MeuControle.MeuSistema\MeuControle.MeuSistema.csproj", "{9EE580C0-7F7E-4D50-8754-C2AC0F2F9E88}"
EndProject
Global
	GlobalSection(SolutionConfigurationPlatforms) = preSolution
		Debug|Any CPU = Debug|Any CPU
		Release|Any CPU = Release|Any CPU
	EndGlobalSection
	GlobalSection(ProjectConfigurationPlatforms) = postSolution
		{9BE33FEF-9B8B-4F2A-998B-6D10E15EF49C}.Debug|Any CPU.ActiveCfg = Debug|Any CPU
		{9BE33FEF-9B8B-4F2A-998B-6D10E15EF49C}.Debug|Any CPU.Build.0 = Debug|Any CPU
		{9BE33FEF-9B8B-4F2A-998B-6D10E15EF49C}.Release|Any CPU.ActiveCfg = Release|Any CPU
		{9BE33FEF-9B8B-4F2A-998B-6D10E15EF49C}.Release|Any CPU.Build.0 = Release|Any CPU
		{9EE580C0-7F7E-4D50-8754-C2AC0F2F9E88}.Debug|Any CPU.ActiveCfg = Debug|Any CPU
		{9EE580C0-7F7E-4D50-8754-C2AC0F2F9E88}.Debug|Any CPU.Build.0 = Debug|Any CPU
		{9EE580C0-7F7E-4D50-8754-C2AC0F2F9E88}.Release|Any CPU.ActiveCfg = Release|Any CPU
		{9EE580C0-7F7E-4D50-8754-C2AC0F2F9E88}.Release|Any CPU.Build.0 = Release|Any CPU
	EndGlobalSection
	GlobalSection(SolutionProperties) = preSolution
		HideSolutionNode = FALSE
	EndGlobalSection
	GlobalSection(ExtensibilityGlobals) = postSolution
		SolutionGuid = {8EC596E7-6193-4474-9BB6-64E14F72DDE7}
	EndGlobalSection
EndGlobal
